
Microsoft Visual Studio Solution File, Format Version 12.00
# Visual Studio Version 17
VisualStudioVersion = 17.6.33815.320
MinimumVisualStudioVersion = 10.0.40219.1
Project("{FAE04EC0-301F-11D3-BF4B-00C04F79EFBC}") = "WebAPI", "WebAPI\WebAPI.csproj", "{04212728-35EF-4B3A-A14E-1179B650E30A}"
EndProject
Global
	GlobalSection(SolutionConfigurationPlatforms) = preSolution
		Debug|Any CPU = Debug|Any CPU
		Release|Any CPU = Release|Any CPU
	EndGlobalSection
	GlobalSection(ProjectConfigurationPlatforms) = postSolution
		{04212728-35EF-4B3A-A14E-1179B650E30A}.Debug|Any CPU.ActiveCfg = Debug|Any CPU
		{04212728-35EF-4B3A-A14E-1179B650E30A}.Debug|Any CPU.Build.0 = Debug|Any CPU
		{04212728-35EF-4B3A-A14E-1179B650E30A}.Release|Any CPU.ActiveCfg = Release|Any CPU
		{04212728-35EF-4B3A-A14E-1179B650E30A}.Release|Any CPU.Build.0 = Release|Any CPU
	EndGlobalSection
	GlobalSection(SolutionProperties) = preSolution
		HideSolutionNode = FALSE
	EndGlobalSection
	GlobalSection(ExtensibilityGlobals) = postSolution
		SolutionGuid = {0E7A9855-37F8-4412-B15F-7134C331A670}
	EndGlobalSection
EndGlobal
